
Microsoft Visual Studio Solution File, Format Version 12.00
# Visual Studio Version 17
VisualStudioVersion = 17.2.32630.192
MinimumVisualStudioVersion = 10.0.40219.1
Project("{FAE04EC0-301F-11D3-BF4B-00C04F79EFBC}") = "ListTest", "ListTest.csproj", "{6BF9CCC0-834B-47D4-9255-E45F6F01835E}"
EndProject
Global
	GlobalSection(SolutionConfigurationPlatforms) = preSolution
		Debug|Any CPU = Debug|Any CPU
		Release|Any CPU = Release|Any CPU
	EndGlobalSection
	GlobalSection(ProjectConfigurationPlatforms) = postSolution
		{6BF9CCC0-834B-47D4-9255-E45F6F01835E}.Debug|Any CPU.ActiveCfg = Debug|Any CPU
		{6BF9CCC0-834B-47D4-9255-E45F6F01835E}.Debug|Any CPU.Build.0 = Debug|Any CPU
		{6BF9CCC0-834B-47D4-9255-E45F6F01835E}.Release|Any CPU.ActiveCfg = Release|Any CPU
		{6BF9CCC0-834B-47D4-9255-E45F6F01835E}.Release|Any CPU.Build.0 = Release|Any CPU
	EndGlobalSection
	GlobalSection(SolutionProperties) = preSolution
		HideSolutionNode = FALSE
	EndGlobalSection
	GlobalSection(ExtensibilityGlobals) = postSolution
		SolutionGuid = {F47364F5-8274-45A8-8E5F-94EC5610A683}
	EndGlobalSection
EndGlobal
